// !$*UTF8*$!
{
	archiveVersion = 1;
	classes = {
	};
	objectVersion = 50;
	objects = {

/* Begin PBXBuildFile section */
		6E91D2AA23EA38D500D31AF3 /* CommonKitLocation.h in Headers */ = {isa = PBXBuildFile; fileRef = 6E91D2A823EA38D500D31AF3 /* CommonKitLocation.h */; settings = {ATTRIBUTES = (Public, ); }; };
		6E91D2FC23EA39B000D31AF3 /* LocationDelegate.swift in Sources */ = {isa = PBXBuildFile; fileRef = 6E91D2FA23EA39B000D31AF3 /* LocationDelegate.swift */; };
		6E91D2FD23EA39B000D31AF3 /* LocationService.swift in Sources */ = {isa = PBXBuildFile; fileRef = 6E91D2FB23EA39B000D31AF3 /* LocationService.swift */; };
		6E91D30023EA3A0E00D31AF3 /* CLPlacemark.swift in Sources */ = {isa = PBXBuildFile; fileRef = 6E91D2FF23EA3A0E00D31AF3 /* CLPlacemark.swift */; };
/* End PBXBuildFile section */

/* Begin PBXFileReference section */
		6E91D2A523EA38D500D31AF3 /* CommonKitLocation.framework */ = {isa = PBXFileReference; explicitFileType = wrapper.framework; includeInIndex = 0; path = CommonKitLocation.framework; sourceTree = BUILT_PRODUCTS_DIR; };
		6E91D2A823EA38D500D31AF3 /* CommonKitLocation.h */ = {isa = PBXFileReference; lastKnownFileType = sourcecode.c.h; path = CommonKitLocation.h; sourceTree = "<group>"; };
		6E91D2A923EA38D500D31AF3 /* Info.plist */ = {isa = PBXFileReference; lastKnownFileType = text.plist.xml; path = Info.plist; sourceTree = "<group>"; };
		6E91D2FA23EA39B000D31AF3 /* LocationDelegate.swift */ = {isa = PBXFileReference; fileEncoding = 4; lastKnownFileType = sourcecode.swift; path = LocationDelegate.swift; sourceTree = "<group>"; };
		6E91D2FB23EA39B000D31AF3 /* LocationService.swift */ = {isa = PBXFileReference; fileEncoding = 4; lastKnownFileType = sourcecode.swift; path = LocationService.swift; sourceTree = "<group>"; };
		6E91D2FF23EA3A0E00D31AF3 /* CLPlacemark.swift */ = {isa = PBXFileReference; fileEncoding = 4; lastKnownFileType = sourcecode.swift; path = CLPlacemark.swift; sourceTree = "<group>"; };
/* End PBXFileReference section */

/* Begin PBXFrameworksBuildPhase section */
		6E91D2A223EA38D500D31AF3 /* Frameworks */ = {
			isa = PBXFrameworksBuildPhase;
			buildActionMask = 2147483647;
			files = (
			);
			runOnlyForDeploymentPostprocessing = 0;
		};
/* End PBXFrameworksBuildPhase section */

/* Begin PBXGroup section */
		6E91D29B23EA38D500D31AF3 = {
			isa = PBXGroup;
			children = (
				6E91D2A723EA38D500D31AF3 /* CommonKitLocation */,
				6E91D2A623EA38D500D31AF3 /* Products */,
			);
			sourceTree = "<group>";
		};
		6E91D2A623EA38D500D31AF3 /* Products */ = {
			isa = PBXGroup;
			children = (
				6E91D2A523EA38D500D31AF3 /* CommonKitLocation.framework */,
			);
			name = Products;
			sourceTree = "<group>";
		};
		6E91D2A723EA38D500D31AF3 /* CommonKitLocation */ = {
			isa = PBXGroup;
			children = (
				6E91D2F923EA399300D31AF3 /* LocationService */,
				6E91D2FE23EA39B500D31AF3 /* Extensions */,
				6E91D2A823EA38D500D31AF3 /* CommonKitLocation.h */,
				6E91D2A923EA38D500D31AF3 /* Info.plist */,
			);
			path = CommonKitLocation;
			sourceTree = "<group>";
		};
		6E91D2F923EA399300D31AF3 /* LocationService */ = {
			isa = PBXGroup;
			children = (
				6E91D2FA23EA39B000D31AF3 /* LocationDelegate.swift */,
				6E91D2FB23EA39B000D31AF3 /* LocationService.swift */,
			);
			path = LocationService;
			sourceTree = "<group>";
		};
		6E91D2FE23EA39B500D31AF3 /* Extensions */ = {
			isa = PBXGroup;
			children = (
				6E91D2FF23EA3A0E00D31AF3 /* CLPlacemark.swift */,
			);
			path = Extensions;
			sourceTree = "<group>";
		};
/* End PBXGroup section */

/* Begin PBXHeadersBuildPhase section */
		6E91D2A023EA38D500D31AF3 /* Headers */ = {
			isa = PBXHeadersBuildPhase;
			buildActionMask = 2147483647;
			files = (
				6E91D2AA23EA38D500D31AF3 /* CommonKitLocation.h in Headers */,
			);
			runOnlyForDeploymentPostprocessing = 0;
		};
/* End PBXHeadersBuildPhase section */

/* Begin PBXNativeTarget section */
		6E91D2A423EA38D500D31AF3 /* CommonKitLocation */ = {
			isa = PBXNativeTarget;
			buildConfigurationList = 6E91D2AD23EA38D500D31AF3 /* Build configuration list for PBXNativeTarget "CommonKitLocation" */;
			buildPhases = (
				6E91D2A023EA38D500D31AF3 /* Headers */,
				6E91D2A123EA38D500D31AF3 /* Sources */,
				6E91D2A223EA38D500D31AF3 /* Frameworks */,
				6E91D2A323EA38D500D31AF3 /* Resources */,
			);
			buildRules = (
			);
			dependencies = (
			);
			name = CommonKitLocation;
			productName = CommonKitLocation;
			productReference = 6E91D2A523EA38D500D31AF3 /* CommonKitLocation.framework */;
			productType = "com.apple.product-type.framework";
		};
/* End PBXNativeTarget section */

/* Begin PBXProject section */
		6E91D29C23EA38D500D31AF3 /* Project object */ = {
			isa = PBXProject;
			attributes = {
				LastUpgradeCheck = 1130;
				ORGANIZATIONNAME = "Oskari Rauta";
				TargetAttributes = {
					6E91D2A423EA38D500D31AF3 = {
						CreatedOnToolsVersion = 11.3.1;
						LastSwiftMigration = 1130;
					};
				};
			};
			buildConfigurationList = 6E91D29F23EA38D500D31AF3 /* Build configuration list for PBXProject "CommonKitLocation" */;
			compatibilityVersion = "Xcode 9.3";
			developmentRegion = en;
			hasScannedForEncodings = 0;
			knownRegions = (
				en,
				Base,
			);
			mainGroup = 6E91D29B23EA38D500D31AF3;
			productRefGroup = 6E91D2A623EA38D500D31AF3 /* Products */;
			projectDirPath = "";
			projectRoot = "";
			targets = (
				6E91D2A423EA38D500D31AF3 /* CommonKitLocation */,
			);
		};
/* End PBXProject section */

/* Begin PBXResourcesBuildPhase section */
		6E91D2A323EA38D500D31AF3 /* Resources */ = {
			isa = PBXResourcesBuildPhase;
			buildActionMask = 2147483647;
			files = (
			);
			runOnlyForDeploymentPostprocessing = 0;
		};
/* End PBXResourcesBuildPhase section */

/* Begin PBXSourcesBuildPhase section */
		6E91D2A123EA38D500D31AF3 /* Sources */ = {
			isa = PBXSourcesBuildPhase;
			buildActionMask = 2147483647;
			files = (
				6E91D2FD23EA39B000D31AF3 /* LocationService.swift in Sources */,
				6E91D30023EA3A0E00D31AF3 /* CLPlacemark.swift in Sources */,
				6E91D2FC23EA39B000D31AF3 /* LocationDelegate.swift in Sources */,
			);
			runOnlyForDeploymentPostprocessing = 0;
		};
/* End PBXSourcesBuildPhase section */

/* Begin XCBuildConfiguration section */
		6E91D2AB23EA38D500D31AF3 /* Debug */ = {
			isa = XCBuildConfiguration;
			buildSettings = {
				ALWAYS_SEARCH_USER_PATHS = NO;
				CLANG_ANALYZER_NONNULL = YES;
				CLANG_ANALYZER_NUMBER_OBJECT_CONVERSION = YES_AGGRESSIVE;
				CLANG_CXX_LANGUAGE_STANDARD = "gnu++14";
				CLANG_CXX_LIBRARY = "libc++";
				CLANG_ENABLE_MODULES = YES;
				CLANG_ENABLE_OBJC_ARC = YES;
				CLANG_ENABLE_OBJC_WEAK = YES;
				CLANG_WARN_BLOCK_CAPTURE_AUTORELEASING = YES;
				CLANG_WARN_BOOL_CONVERSION = YES;
				CLANG_WARN_COMMA = YES;
				CLANG_WARN_CONSTANT_CONVERSION = YES;
				CLANG_WARN_DEPRECATED_OBJC_IMPLEMENTATIONS = YES;
				CLANG_WARN_DIRECT_OBJC_ISA_USAGE = YES_ERROR;
				CLANG_WARN_DOCUMENTATION_COMMENTS = YES;
				CLANG_WARN_EMPTY_BODY = YES;
				CLANG_WARN_ENUM_CONVERSION = YES;
				CLANG_WARN_INFINITE_RECURSION = YES;
				CLANG_WARN_INT_CONVERSION = YES;
				CLANG_WARN_NON_LITERAL_NULL_CONVERSION = YES;
				CLANG_WARN_OBJC_IMPLICIT_RETAIN_SELF = YES;
				CLANG_WARN_OBJC_LITERAL_CONVERSION = YES;
				CLANG_WARN_OBJC_ROOT_CLASS = YES_ERROR;
				CLANG_WARN_RANGE_LOOP_ANALYSIS = YES;
				CLANG_WARN_STRICT_PROTOTYPES = YES;
				CLANG_WARN_SUSPICIOUS_MOVE = YES;
				CLANG_WARN_UNGUARDED_AVAILABILITY = YES_AGGRESSIVE;
				CLANG_WARN_UNREACHABLE_CODE = YES;
				CLANG_WARN__DUPLICATE_METHOD_MATCH = YES;
				COPY_PHASE_STRIP = NO;
				CURRENT_PROJECT_VERSION = 1;
				DEBUG_INFORMATION_FORMAT = dwarf;
				ENABLE_STRICT_OBJC_MSGSEND = YES;
				ENABLE_TESTABILITY = YES;
				GCC_C_LANGUAGE_STANDARD = gnu11;
				GCC_DYNAMIC_NO_PIC = NO;
				GCC_NO_COMMON_BLOCKS = YES;
				GCC_OPTIMIZATION_LEVEL = 0;
				GCC_PREPROCESSOR_DEFINITIONS = (
					"DEBUG=1",
					"$(inherited)",
				);
				GCC_WARN_64_TO_32_BIT_CONVERSION = YES;
				GCC_WARN_ABOUT_RETURN_TYPE = YES_ERROR;
				GCC_WARN_UNDECLARED_SELECTOR = YES;
				GCC_WARN_UNINITIALIZED_AUTOS = YES_AGGRESSIVE;
				GCC_WARN_UNUSED_FUNCTION = YES;
				GCC_WARN_UNUSED_VARIABLE = YES;
				IPHONEOS_DEPLOYMENT_TARGET = 13.2;
				MTL_ENABLE_DEBUG_INFO = INCLUDE_SOURCE;
				MTL_FAST_MATH = YES;
				ONLY_ACTIVE_ARCH = YES;
				SDKROOT = iphoneos;
				SWIFT_ACTIVE_COMPILATION_CONDITIONS = DEBUG;
				SWIFT_OPTIMIZATION_LEVEL = "-Onone";
				VERSIONING_SYSTEM = "apple-generic";
				VERSION_INFO_PREFIX = "";
			};
			name = Debug;
		};
		6E91D2AC23EA38D500D31AF3 /* Release */ = {
			isa = XCBuildConfiguration;
			buildSettings = {
				ALWAYS_SEARCH_USER_PATHS = NO;
				CLANG_ANALYZER_NONNULL = YES;
				CLANG_ANALYZER_NUMBER_OBJECT_CONVERSION = YES_AGGRESSIVE;
				CLANG_CXX_LANGUAGE_STANDARD = "gnu++14";
				CLANG_CXX_LIBRARY = "libc++";
				CLANG_ENABLE_MODULES = YES;
				CLANG_ENABLE_OBJC_ARC = YES;
				CLANG_ENABLE_OBJC_WEAK = YES;
				CLANG_WARN_BLOCK_CAPTURE_AUTORELEASING = YES;
				CLANG_WARN_BOOL_CONVERSION = YES;
				CLANG_WARN_COMMA = YES;
				CLANG_WARN_CONSTANT_CONVERSION = YES;
				CLANG_WARN_DEPRECATED_OBJC_IMPLEMENTATIONS = YES;
				CLANG_WARN_DIRECT_OBJC_ISA_USAGE = YES_ERROR;
				CLANG_WARN_DOCUMENTATION_COMMENTS = YES;
				CLANG_WARN_EMPTY_BODY = YES;
				CLANG_WARN_ENUM_CONVERSION = YES;
				CLANG_WARN_INFINITE_RECURSION = YES;
				CLANG_WARN_INT_CONVERSION = YES;
				CLANG_WARN_NON_LITERAL_NULL_CONVERSION = YES;
				CLANG_WARN_OBJC_IMPLICIT_RETAIN_SELF = YES;
				CLANG_WARN_OBJC_LITERAL_CONVERSION = YES;
				CLANG_WARN_OBJC_ROOT_CLASS = YES_ERROR;
				CLANG_WARN_RANGE_LOOP_ANALYSIS = YES;
				CLANG_WARN_STRICT_PROTOTYPES = YES;
				CLANG_WARN_SUSPICIOUS_MOVE = YES;
				CLANG_WARN_UNGUARDED_AVAILABILITY = YES_AGGRESSIVE;
				CLANG_WARN_UNREACHABLE_CODE = YES;
				CLANG_WARN__DUPLICATE_METHOD_MATCH = YES;
				COPY_PHASE_STRIP = NO;
				CURRENT_PROJECT_VERSION = 1;
				DEBUG_INFORMATION_FORMAT = "dwarf-with-dsym";
				ENABLE_NS_ASSERTIONS = NO;
				ENABLE_STRICT_OBJC_MSGSEND = YES;
				GCC_C_LANGUAGE_STANDARD = gnu11;
				GCC_NO_COMMON_BLOCKS = YES;
				GCC_WARN_64_TO_32_BIT_CONVERSION = YES;
				GCC_WARN_ABOUT_RETURN_TYPE = YES_ERROR;
				GCC_WARN_UNDECLARED_SELECTOR = YES;
				GCC_WARN_UNINITIALIZED_AUTOS = YES_AGGRESSIVE;
				GCC_WARN_UNUSED_FUNCTION = YES;
				GCC_WARN_UNUSED_VARIABLE = YES;
				IPHONEOS_DEPLOYMENT_TARGET = 13.2;
				MTL_ENABLE_DEBUG_INFO = NO;
				MTL_FAST_MATH = YES;
				SDKROOT = iphoneos;
				SWIFT_COMPILATION_MODE = wholemodule;
				SWIFT_OPTIMIZATION_LEVEL = "-O";
				VALIDATE_PRODUCT = YES;
				VERSIONING_SYSTEM = "apple-generic";
				VERSION_INFO_PREFIX = "";
			};
			name = Release;
		};
		6E91D2AE23EA38D500D31AF3 /* Debug */ = {
			isa = XCBuildConfiguration;
			buildSettings = {
				CLANG_ENABLE_MODULES = YES;
				CODE_SIGN_STYLE = Automatic;
				DEFINES_MODULE = YES;
				DEVELOPMENT_TEAM = LBFBZP3Z4J;
				DYLIB_COMPATIBILITY_VERSION = 1;
				DYLIB_CURRENT_VERSION = 1;
				DYLIB_INSTALL_NAME_BASE = "@rpath";
				INFOPLIST_FILE = CommonKitLocation/Info.plist;
				INSTALL_PATH = "$(LOCAL_LIBRARY_DIR)/Frameworks";
				LD_RUNPATH_SEARCH_PATHS = (
					"$(inherited)",
					"@executable_path/Frameworks",
					"@loader_path/Frameworks",
				);
				MARKETING_VERSION = 1.0.0;
				PRODUCT_BUNDLE_IDENTIFIER = oskari.rauta.CommonKitLocation;
				PRODUCT_NAME = "$(TARGET_NAME:c99extidentifier)";
				SKIP_INSTALL = YES;
				SWIFT_OPTIMIZATION_LEVEL = "-Onone";
				SWIFT_VERSION = 5.0;
				TARGETED_DEVICE_FAMILY = "1,2";
			};
			name = Debug;
		};
		6E91D2AF23EA38D500D31AF3 /* Release */ = {
			isa = XCBuildConfiguration;
			buildSettings = {
				CLANG_ENABLE_MODULES = YES;
				CODE_SIGN_STYLE = Automatic;
				DEFINES_MODULE = YES;
				DEVELOPMENT_TEAM = LBFBZP3Z4J;
				DYLIB_COMPATIBILITY_VERSION = 1;
				DYLIB_CURRENT_VERSION = 1;
				DYLIB_INSTALL_NAME_BASE = "@rpath";
				INFOPLIST_FILE = CommonKitLocation/Info.plist;
				INSTALL_PATH = "$(LOCAL_LIBRARY_DIR)/Frameworks";
				LD_RUNPATH_SEARCH_PATHS = (
					"$(inherited)",
					"@executable_path/Frameworks",
					"@loader_path/Frameworks",
				);
				MARKETING_VERSION = 1.0.0;
				PRODUCT_BUNDLE_IDENTIFIER = oskari.rauta.CommonKitLocation;
				PRODUCT_NAME = "$(TARGET_NAME:c99extidentifier)";
				SKIP_INSTALL = YES;
				SWIFT_VERSION = 5.0;
				TARGETED_DEVICE_FAMILY = "1,2";
			};
			name = Release;
		};
/* End XCBuildConfiguration section */

/* Begin XCConfigurationList section */
		6E91D29F23EA38D500D31AF3 /* Build configuration list for PBXProject "CommonKitLocation" */ = {
			isa = XCConfigurationList;
			buildConfigurations = (
				6E91D2AB23EA38D500D31AF3 /* Debug */,
				6E91D2AC23EA38D500D31AF3 /* Release */,
			);
			defaultConfigurationIsVisible = 0;
			defaultConfigurationName = Release;
		};
		6E91D2AD23EA38D500D31AF3 /* Build configuration list for PBXNativeTarget "CommonKitLocation" */ = {
			isa = XCConfigurationList;
			buildConfigurations = (
				6E91D2AE23EA38D500D31AF3 /* Debug */,
				6E91D2AF23EA38D500D31AF3 /* Release */,
			);
			defaultConfigurationIsVisible = 0;
			defaultConfigurationName = Release;
		};
/* End XCConfigurationList section */
	};
	rootObject = 6E91D29C23EA38D500D31AF3 /* Project object */;
}
